
Microsoft Visual Studio Solution File, Format Version 12.00
# Visual Studio Version 17
VisualStudioVersion = 17.11.35222.181
MinimumVisualStudioVersion = 10.0.40219.1
Project("{FAE04EC0-301F-11D3-BF4B-00C04F79EFBC}") = "BookPublishingAPI", "BookPublishingAPI.csproj", "{03FD1492-FA95-4901-9565-EAB589B8B5ED}"
EndProject
Global
	GlobalSection(SolutionConfigurationPlatforms) = preSolution
		Debug|Any CPU = Debug|Any CPU
		Release|Any CPU = Release|Any CPU
	EndGlobalSection
	GlobalSection(ProjectConfigurationPlatforms) = postSolution
		{03FD1492-FA95-4901-9565-EAB589B8B5ED}.Debug|Any CPU.ActiveCfg = Debug|Any CPU
		{03FD1492-FA95-4901-9565-EAB589B8B5ED}.Debug|Any CPU.Build.0 = Debug|Any CPU
		{03FD1492-FA95-4901-9565-EAB589B8B5ED}.Release|Any CPU.ActiveCfg = Release|Any CPU
		{03FD1492-FA95-4901-9565-EAB589B8B5ED}.Release|Any CPU.Build.0 = Release|Any CPU
	EndGlobalSection
	GlobalSection(SolutionProperties) = preSolution
		HideSolutionNode = FALSE
	EndGlobalSection
	GlobalSection(ExtensibilityGlobals) = postSolution
		SolutionGuid = {E7092DB2-2579-41C8-A24E-CE1298113D0E}
	EndGlobalSection
EndGlobal
